{
  "name": "copy",
  "version": "1.0.0",
  "lockfileVersion": 1,
  "requires": true,
  "dependencies": {
    "event": {
      "version": "1.0.0",
      "resolved": "http://r.cnpmjs.org/event/download/event-1.0.0.tgz",
      "integrity": "sha1-tRIytnrU4P44xKjLr/L/hoUnjOM=",
      "requires": {
        "method": "~1.0.0",
        "reducible": "~1.0.1"
      }
    },
    "lodash": {
      "version": "4.17.15",
      "resolved": "https://registry.npmjs.org/lodash/-/lodash-4.17.15.tgz",
      "integrity": "sha512-8xOcRHvCjnocdS5cpwXQXVzmmh5e5+saE2QGoeQmbKmRS6J3VQppPOIt0MnmE+4xlZoumy0GPG0D0MVIQbNA1A=="
    },
    "method": {
      "version": "1.0.2",
      "resolved": "http://r.cnpmjs.org/method/download/method-1.0.2.tgz",
      "integrity": "sha1-KR+MKe5EOEei+JBvifuqNy1NCRY="
    },
    "reducible": {
      "version": "1.0.6",
      "resolved": "http://r.cnpmjs.org/reducible/download/reducible-1.0.6.tgz",
      "integrity": "sha1-Mxci0UGJ+POS3JuINBrsYDslw14=",
      "requires": {
        "method": "~2.0.x"
      },
      "dependencies": {
        "method": {
          "version": "2.0.0",
          "resolved": "http://r.cnpmjs.org/method/download/method-2.0.0.tgz",
          "integrity": "sha1-5EmEje+m2u8QuBY9nZqi0HG3UA8="
        }
      }
    }
  }
}
